{
    "_readme": [
        "This file locks the dependencies of your project to a known state",
        "Read more about it at https://getcomposer.org/doc/01-basic-usage.md#composer-lock-the-lock-file",
        "This file is @generated automatically"
    ],
    "hash": "7abde97a6d18cec0b368b67d4867c404",
    "content-hash": "65b9fbd4818fda324576e96cccd7aef7",
    "packages": [
        {
            "name": "webonyx/graphql-php",
            "version": "dev-master",
            "source": {
                "type": "git",
                "url": "https://github.com/webonyx/graphql-php.git",
                "reference": "68fb4ceb9cea5ce22607bfb6aa7ca62dbacf2709"
            },
            "dist": {
                "type": "zip",
                "url": "https://api.github.com/repos/webonyx/graphql-php/zipball/68fb4ceb9cea5ce22607bfb6aa7ca62dbacf2709",
                "reference": "68fb4ceb9cea5ce22607bfb6aa7ca62dbacf2709",
                "shasum": ""
            },
            "require": {
                "php": ">=5.4,<8.0-DEV"
            },
            "require-dev": {
                "phpunit/phpunit": "^4.8"
            },
            "type": "library",
            "autoload": {
                "classmap": [
                    "src/"
                ]
            },
            "notification-url": "https://packagist.org/downloads/",
            "license": [
                "BSD"
            ],
            "description": "A PHP port of GraphQL reference implementation",
            "homepage": "https://github.com/webonyx/graphql-php",
            "keywords": [
                "api",
                "graphql"
            ],
            "time": "2015-11-02 14:39:51"
        }
    ],
    "packages-dev": [],
    "aliases": [],
    "minimum-stability": "stable",
    "stability-flags": {
        "webonyx/graphql-php": 20
    },
    "prefer-stable": false,
    "prefer-lowest": false,
    "platform": [],
    "platform-dev": []
}
